
Microsoft Visual Studio Solution File, Format Version 12.00
# Visual Studio Version 17
VisualStudioVersion = 17.3.32819.101
MinimumVisualStudioVersion = 10.0.40219.1
Project("{F184B08F-C81C-45F6-A57F-5ABD9991F28F}") = "inches to feet", "feet to inches\inches to feet.vbproj", "{AB23FF0C-41AB-4844-B978-512C327F9617}"
EndProject
Global
	GlobalSection(SolutionConfigurationPlatforms) = preSolution
		Debug|Any CPU = Debug|Any CPU
		Release|Any CPU = Release|Any CPU
	EndGlobalSection
	GlobalSection(ProjectConfigurationPlatforms) = postSolution
		{AB23FF0C-41AB-4844-B978-512C327F9617}.Debug|Any CPU.ActiveCfg = Debug|Any CPU
		{AB23FF0C-41AB-4844-B978-512C327F9617}.Debug|Any CPU.Build.0 = Debug|Any CPU
		{AB23FF0C-41AB-4844-B978-512C327F9617}.Release|Any CPU.ActiveCfg = Release|Any CPU
		{AB23FF0C-41AB-4844-B978-512C327F9617}.Release|Any CPU.Build.0 = Release|Any CPU
	EndGlobalSection
	GlobalSection(SolutionProperties) = preSolution
		HideSolutionNode = FALSE
	EndGlobalSection
	GlobalSection(ExtensibilityGlobals) = postSolution
		SolutionGuid = {B9E64C9F-C4BF-4FB0-87CB-0CE363C3C33A}
	EndGlobalSection
EndGlobal
